%{"cowboy": {:hex, :cowboy, "1.0.0"},
  "cowlib": {:hex, :cowlib, "1.0.1"},
  "ex_doc": {:git, "git://github.com/elixir-lang/ex_doc.git", "ccca1cdc01b00591ee272de630515b83788cc84f", []},
  "hoedown": {:git, "git://github.com/hoedown/hoedown.git", "fd09d02ca6e0ad6da3f24a832d2fe762268feafd", []},
  "markdown": {:git, "git://github.com/devinus/markdown.git", "cd0df79b6f1cc374499d47f6ba6aaab5096f874f", []},
  "ranch": {:hex, :ranch, "1.0.0"},
  "timex": {:hex, :timex, "0.13.3"}}
